// !$*UTF8*$!
{
	archiveVersion = 1;
	classes = {
	};
	objectVersion = 77;
	objects = {

/* Begin PBXBuildFile section */
		71ADE2AC012FA87741002AF431 /* Core in Frameworks */ = {isa = PBXBuildFile; productRef = 71ADE2AB012FA87741002AF431 /* Core */; };
		71ADE2AC022FA87741002AF431 /* DesignSystem in Frameworks */ = {isa = PBXBuildFile; productRef = 71ADE2AB022FA87741002AF431 /* DesignSystem */; };
		71ADE2AC032FA87741002AF431 /* Domain in Frameworks */ = {isa = PBXBuildFile; productRef = 71ADE2AB032FA87741002AF431 /* Domain */; };
		71ADE2AC042FA87741002AF431 /* Data in Frameworks */ = {isa = PBXBuildFile; productRef = 71ADE2AB042FA87741002AF431 /* Data */; };
		71ADE2AC052FA87741002AF431 /* FeatureMap in Frameworks */ = {isa = PBXBuildFile; productRef = 71ADE2AB052FA87741002AF431 /* FeatureMap */; };
		71ADE2AC062FA87741002AF431 /* FeatureAuth in Frameworks */ = {isa = PBXBuildFile; productRef = 71ADE2AB062FA87741002AF431 /* FeatureAuth */; };
		71ADE2AC072FA87741002AF431 /* FeatureStore in Frameworks */ = {isa = PBXBuildFile; productRef = 71ADE2AB072FA87741002AF431 /* FeatureStore */; };
		71ADE2AC082FA87741002AF431 /* FeatureSocial in Frameworks */ = {isa = PBXBuildFile; productRef = 71ADE2AB082FA87741002AF431 /* FeatureSocial */; };
		71ADE2AC092FA87741002AF431 /* FeatureCollection in Frameworks */ = {isa = PBXBuildFile; productRef = 71ADE2AB092FA87741002AF431 /* FeatureCollection */; };
		71ADE2AC102FA87741002AF431 /* FeatureMonetize in Frameworks */ = {isa = PBXBuildFile; productRef = 71ADE2AB102FA87741002AF431 /* FeatureMonetize */; };
		71ADE2FB012FA87741002AF431 /* FirebaseCore in Frameworks */ = {isa = PBXBuildFile; productRef = 71ADE2FP012FA87741002AF431 /* FirebaseCore */; };
		71ADE2FB022FA87741002AF431 /* FirebaseAuth in Frameworks */ = {isa = PBXBuildFile; productRef = 71ADE2FP022FA87741002AF431 /* FirebaseAuth */; };
		71ADE2FB032FA87741002AF431 /* FirebaseFirestore in Frameworks */ = {isa = PBXBuildFile; productRef = 71ADE2FP032FA87741002AF431 /* FirebaseFirestore */; };
		71ADE2FB042FA87741002AF431 /* FirebaseStorage in Frameworks */ = {isa = PBXBuildFile; productRef = 71ADE2FP042FA87741002AF431 /* FirebaseStorage */; };
		71ADE2FB052FA87741002AF431 /* FirebaseAppCheck in Frameworks */ = {isa = PBXBuildFile; productRef = 71ADE2FP052FA87741002AF431 /* FirebaseAppCheck */; };
		71ADE2FB062FA87741002AF431 /* FirebaseMessaging in Frameworks */ = {isa = PBXBuildFile; productRef = 71ADE2FP062FA87741002AF431 /* FirebaseMessaging */; };
		71ADE2FB072FA87741002AF431 /* FirebaseAnalytics in Frameworks */ = {isa = PBXBuildFile; productRef = 71ADE2FP072FA87741002AF431 /* FirebaseAnalytics */; };
		71ADE2FB082FA87741002AF431 /* FirebaseCrashlytics in Frameworks */ = {isa = PBXBuildFile; productRef = 71ADE2FP082FA87741002AF431 /* FirebaseCrashlytics */; };
/* End PBXBuildFile section */

/* Begin PBXFileReference section */
		71ADE2542FA8773F002AF431 /* MatchaMap.app */ = {isa = PBXFileReference; explicitFileType = wrapper.application; includeInIndex = 0; path = MatchaMap.app; sourceTree = BUILT_PRODUCTS_DIR; };
/* End PBXFileReference section */

/* Begin PBXFileSystemSynchronizedRootGroup section */
		71ADE2562FA8773F002AF431 /* MatchaMap */ = {
			isa = PBXFileSystemSynchronizedRootGroup;
			path = MatchaMap;
			sourceTree = "<group>";
		};
/* End PBXFileSystemSynchronizedRootGroup section */

/* Begin PBXFrameworksBuildPhase section */
		71ADE2512FA8773F002AF431 /* Frameworks */ = {
			isa = PBXFrameworksBuildPhase;
			buildActionMask = 2147483647;
			files = (
				71ADE2AC012FA87741002AF431 /* Core in Frameworks */,
				71ADE2AC022FA87741002AF431 /* DesignSystem in Frameworks */,
				71ADE2AC032FA87741002AF431 /* Domain in Frameworks */,
				71ADE2AC042FA87741002AF431 /* Data in Frameworks */,
				71ADE2AC052FA87741002AF431 /* FeatureMap in Frameworks */,
				71ADE2AC062FA87741002AF431 /* FeatureAuth in Frameworks */,
				71ADE2AC072FA87741002AF431 /* FeatureStore in Frameworks */,
				71ADE2AC082FA87741002AF431 /* FeatureSocial in Frameworks */,
				71ADE2AC092FA87741002AF431 /* FeatureCollection in Frameworks */,
				71ADE2AC102FA87741002AF431 /* FeatureMonetize in Frameworks */,
				71ADE2FB012FA87741002AF431 /* FirebaseCore in Frameworks */,
				71ADE2FB022FA87741002AF431 /* FirebaseAuth in Frameworks */,
				71ADE2FB032FA87741002AF431 /* FirebaseFirestore in Frameworks */,
				71ADE2FB042FA87741002AF431 /* FirebaseStorage in Frameworks */,
				71ADE2FB052FA87741002AF431 /* FirebaseAppCheck in Frameworks */,
				71ADE2FB062FA87741002AF431 /* FirebaseMessaging in Frameworks */,
				71ADE2FB072FA87741002AF431 /* FirebaseAnalytics in Frameworks */,
				71ADE2FB082FA87741002AF431 /* FirebaseCrashlytics in Frameworks */,
			);
			runOnlyForDeploymentPostprocessing = 0;
		};
/* End PBXFrameworksBuildPhase section */

/* Begin PBXGroup section */
		71ADE24B2FA8773F002AF431 = {
			isa = PBXGroup;
			children = (
				71ADE2562FA8773F002AF431 /* MatchaMap */,
				71ADE2552FA8773F002AF431 /* Products */,
			);
			sourceTree = "<group>";
		};
		71ADE2552FA8773F002AF431 /* Products */ = {
			isa = PBXGroup;
			children = (
				71ADE2542FA8773F002AF431 /* MatchaMap.app */,
			);
			name = Products;
			sourceTree = "<group>";
		};
/* End PBXGroup section */

/* Begin PBXNativeTarget section */
		71ADE2532FA8773F002AF431 /* MatchaMap */ = {
			isa = PBXNativeTarget;
			buildConfigurationList = 71ADE25F2FA87741002AF431 /* Build configuration list for PBXNativeTarget "MatchaMap" */;
			buildPhases = (
				71ADE2502FA8773F002AF431 /* Sources */,
				71ADE2512FA8773F002AF431 /* Frameworks */,
				71ADE2522FA8773F002AF431 /* Resources */,
			);
			buildRules = (
			);
			dependencies = (
			);
			fileSystemSynchronizedGroups = (
				71ADE2562FA8773F002AF431 /* MatchaMap */,
			);
			name = MatchaMap;
			packageProductDependencies = (
				71ADE2AB012FA87741002AF431 /* Core */,
				71ADE2AB022FA87741002AF431 /* DesignSystem */,
				71ADE2AB032FA87741002AF431 /* Domain */,
				71ADE2AB042FA87741002AF431 /* Data */,
				71ADE2AB052FA87741002AF431 /* FeatureMap */,
				71ADE2AB062FA87741002AF431 /* FeatureAuth */,
				71ADE2AB072FA87741002AF431 /* FeatureStore */,
				71ADE2AB082FA87741002AF431 /* FeatureSocial */,
				71ADE2AB092FA87741002AF431 /* FeatureCollection */,
				71ADE2AB102FA87741002AF431 /* FeatureMonetize */,
				71ADE2FP012FA87741002AF431 /* FirebaseCore */,
				71ADE2FP022FA87741002AF431 /* FirebaseAuth */,
				71ADE2FP032FA87741002AF431 /* FirebaseFirestore */,
				71ADE2FP042FA87741002AF431 /* FirebaseStorage */,
				71ADE2FP052FA87741002AF431 /* FirebaseAppCheck */,
				71ADE2FP062FA87741002AF431 /* FirebaseMessaging */,
				71ADE2FP072FA87741002AF431 /* FirebaseAnalytics */,
				71ADE2FP082FA87741002AF431 /* FirebaseCrashlytics */,
			);
			productName = MatchaMap;
			productReference = 71ADE2542FA8773F002AF431 /* MatchaMap.app */;
			productType = "com.apple.product-type.application";
		};
/* End PBXNativeTarget section */

/* Begin PBXProject section */
		71ADE24C2FA8773F002AF431 /* Project object */ = {
			isa = PBXProject;
			attributes = {
				BuildIndependentTargetsInParallel = 1;
				LastSwiftUpdateCheck = 2630;
				LastUpgradeCheck = 2630;
				TargetAttributes = {
					71ADE2532FA8773F002AF431 = {
						CreatedOnToolsVersion = 26.3;
					};
				};
			};
			buildConfigurationList = 71ADE24F2FA8773F002AF431 /* Build configuration list for PBXProject "MatchaMap" */;
			developmentRegion = en;
			hasScannedForEncodings = 0;
			knownRegions = (
				en,
				Base,
			);
			mainGroup = 71ADE24B2FA8773F002AF431;
			minimizedProjectReferenceProxies = 1;
			packageReferences = (
				71ADE2AA012FA87741002AF431 /* XCLocalSwiftPackageReference "LocalPackages/Core" */,
				71ADE2AA022FA87741002AF431 /* XCLocalSwiftPackageReference "LocalPackages/DesignSystem" */,
				71ADE2AA032FA87741002AF431 /* XCLocalSwiftPackageReference "LocalPackages/Domain" */,
				71ADE2AA042FA87741002AF431 /* XCLocalSwiftPackageReference "LocalPackages/Data" */,
				71ADE2AA052FA87741002AF431 /* XCLocalSwiftPackageReference "LocalPackages/Feature/FeatureMap" */,
				71ADE2AA062FA87741002AF431 /* XCLocalSwiftPackageReference "LocalPackages/Feature/FeatureAuth" */,
				71ADE2AA072FA87741002AF431 /* XCLocalSwiftPackageReference "LocalPackages/Feature/FeatureStore" */,
				71ADE2AA082FA87741002AF431 /* XCLocalSwiftPackageReference "LocalPackages/Feature/FeatureSocial" */,
				71ADE2AA092FA87741002AF431 /* XCLocalSwiftPackageReference "LocalPackages/Feature/FeatureCollection" */,
				71ADE2AA102FA87741002AF431 /* XCLocalSwiftPackageReference "LocalPackages/Feature/FeatureMonetize" */,
				71ADE2F0012FA87741002AF431 /* XCRemoteSwiftPackageReference "firebase-ios-sdk" */,
			);
			preferredProjectObjectVersion = 77;
			productRefGroup = 71ADE2552FA8773F002AF431 /* Products */;
			projectDirPath = "";
			projectRoot = "";
			targets = (
				71ADE2532FA8773F002AF431 /* MatchaMap */,
			);
		};
/* End PBXProject section */

/* Begin PBXResourcesBuildPhase section */
		71ADE2522FA8773F002AF431 /* Resources */ = {
			isa = PBXResourcesBuildPhase;
			buildActionMask = 2147483647;
			files = (
			);
			runOnlyForDeploymentPostprocessing = 0;
		};
/* End PBXResourcesBuildPhase section */

/* Begin PBXSourcesBuildPhase section */
		71ADE2502FA8773F002AF431 /* Sources */ = {
			isa = PBXSourcesBuildPhase;
			buildActionMask = 2147483647;
			files = (
			);
			runOnlyForDeploymentPostprocessing = 0;
		};
/* End PBXSourcesBuildPhase section */

/* Begin XCBuildConfiguration section */
		71ADE25D2FA87741002AF431 /* Debug */ = {
			isa = XCBuildConfiguration;
			buildSettings = {
				ALWAYS_SEARCH_USER_PATHS = NO;
				ASSETCATALOG_COMPILER_GENERATE_SWIFT_ASSET_SYMBOL_EXTENSIONS = YES;
				CLANG_ANALYZER_NONNULL = YES;
				CLANG_ANALYZER_NUMBER_OBJECT_CONVERSION = YES_AGGRESSIVE;
				CLANG_CXX_LANGUAGE_STANDARD = "gnu++20";
				CLANG_ENABLE_MODULES = YES;
				CLANG_ENABLE_OBJC_ARC = YES;
				CLANG_ENABLE_OBJC_WEAK = YES;
				CLANG_WARN_BLOCK_CAPTURE_AUTORELEASING = YES;
				CLANG_WARN_BOOL_CONVERSION = YES;
				CLANG_WARN_COMMA = YES;
				CLANG_WARN_CONSTANT_CONVERSION = YES;
				CLANG_WARN_DEPRECATED_OBJC_IMPLEMENTATIONS = YES;
				CLANG_WARN_DIRECT_OBJC_ISA_USAGE = YES_ERROR;
				CLANG_WARN_DOCUMENTATION_COMMENTS = YES;
				CLANG_WARN_EMPTY_BODY = YES;
				CLANG_WARN_ENUM_CONVERSION = YES;
				CLANG_WARN_INFINITE_RECURSION = YES;
				CLANG_WARN_INT_CONVERSION = YES;
				CLANG_WARN_NON_LITERAL_NULL_CONVERSION = YES;
				CLANG_WARN_OBJC_IMPLICIT_RETAIN_SELF = YES;
				CLANG_WARN_OBJC_LITERAL_CONVERSION = YES;
				CLANG_WARN_OBJC_ROOT_CLASS = YES_ERROR;
				CLANG_WARN_QUOTED_INCLUDE_IN_FRAMEWORK_HEADER = YES;
				CLANG_WARN_RANGE_LOOP_ANALYSIS = YES;
				CLANG_WARN_STRICT_PROTOTYPES = YES;
				CLANG_WARN_SUSPICIOUS_MOVE = YES;
				CLANG_WARN_UNGUARDED_AVAILABILITY = YES_AGGRESSIVE;
				CLANG_WARN_UNREACHABLE_CODE = YES;
				CLANG_WARN__DUPLICATE_METHOD_MATCH = YES;
				COPY_PHASE_STRIP = NO;
				DEBUG_INFORMATION_FORMAT = dwarf;
				DEVELOPMENT_TEAM = 8Q4H7X3Q58;
				ENABLE_STRICT_OBJC_MSGSEND = YES;
				ENABLE_TESTABILITY = YES;
				ENABLE_USER_SCRIPT_SANDBOXING = YES;
				GCC_C_LANGUAGE_STANDARD = gnu17;
				GCC_DYNAMIC_NO_PIC = NO;
				GCC_NO_COMMON_BLOCKS = YES;
				GCC_OPTIMIZATION_LEVEL = 0;
				GCC_PREPROCESSOR_DEFINITIONS = (
					"DEBUG=1",
					"$(inherited)",
				);
				GCC_WARN_64_TO_32_BIT_CONVERSION = YES;
				GCC_WARN_ABOUT_RETURN_TYPE = YES_ERROR;
				GCC_WARN_UNDECLARED_SELECTOR = YES;
				GCC_WARN_UNINITIALIZED_AUTOS = YES_AGGRESSIVE;
				GCC_WARN_UNUSED_FUNCTION = YES;
				GCC_WARN_UNUSED_VARIABLE = YES;
				IPHONEOS_DEPLOYMENT_TARGET = 26.2;
				LOCALIZATION_PREFERS_STRING_CATALOGS = YES;
				MTL_ENABLE_DEBUG_INFO = INCLUDE_SOURCE;
				MTL_FAST_MATH = YES;
				ONLY_ACTIVE_ARCH = YES;
				SDKROOT = iphoneos;
				SWIFT_ACTIVE_COMPILATION_CONDITIONS = "DEBUG $(inherited)";
				SWIFT_OPTIMIZATION_LEVEL = "-Onone";
			};
			name = Debug;
		};
		71ADE25E2FA87741002AF431 /* Release */ = {
			isa = XCBuildConfiguration;
			buildSettings = {
				ALWAYS_SEARCH_USER_PATHS = NO;
				ASSETCATALOG_COMPILER_GENERATE_SWIFT_ASSET_SYMBOL_EXTENSIONS = YES;
				CLANG_ANALYZER_NONNULL = YES;
				CLANG_ANALYZER_NUMBER_OBJECT_CONVERSION = YES_AGGRESSIVE;
				CLANG_CXX_LANGUAGE_STANDARD = "gnu++20";
				CLANG_ENABLE_MODULES = YES;
				CLANG_ENABLE_OBJC_ARC = YES;
				CLANG_ENABLE_OBJC_WEAK = YES;
				CLANG_WARN_BLOCK_CAPTURE_AUTORELEASING = YES;
				CLANG_WARN_BOOL_CONVERSION = YES;
				CLANG_WARN_COMMA = YES;
				CLANG_WARN_CONSTANT_CONVERSION = YES;
				CLANG_WARN_DEPRECATED_OBJC_IMPLEMENTATIONS = YES;
				CLANG_WARN_DIRECT_OBJC_ISA_USAGE = YES_ERROR;
				CLANG_WARN_DOCUMENTATION_COMMENTS = YES;
				CLANG_WARN_EMPTY_BODY = YES;
				CLANG_WARN_ENUM_CONVERSION = YES;
				CLANG_WARN_INFINITE_RECURSION = YES;
				CLANG_WARN_INT_CONVERSION = YES;
				CLANG_WARN_NON_LITERAL_NULL_CONVERSION = YES;
				CLANG_WARN_OBJC_IMPLICIT_RETAIN_SELF = YES;
				CLANG_WARN_OBJC_LITERAL_CONVERSION = YES;
				CLANG_WARN_OBJC_ROOT_CLASS = YES_ERROR;
				CLANG_WARN_QUOTED_INCLUDE_IN_FRAMEWORK_HEADER = YES;
				CLANG_WARN_RANGE_LOOP_ANALYSIS = YES;
				CLANG_WARN_STRICT_PROTOTYPES = YES;
				CLANG_WARN_SUSPICIOUS_MOVE = YES;
				CLANG_WARN_UNGUARDED_AVAILABILITY = YES_AGGRESSIVE;
				CLANG_WARN_UNREACHABLE_CODE = YES;
				CLANG_WARN__DUPLICATE_METHOD_MATCH = YES;
				COPY_PHASE_STRIP = NO;
				DEBUG_INFORMATION_FORMAT = "dwarf-with-dsym";
				DEVELOPMENT_TEAM = 8Q4H7X3Q58;
				ENABLE_NS_ASSERTIONS = NO;
				ENABLE_STRICT_OBJC_MSGSEND = YES;
				ENABLE_USER_SCRIPT_SANDBOXING = YES;
				GCC_C_LANGUAGE_STANDARD = gnu17;
				GCC_NO_COMMON_BLOCKS = YES;
				GCC_WARN_64_TO_32_BIT_CONVERSION = YES;
				GCC_WARN_ABOUT_RETURN_TYPE = YES_ERROR;
				GCC_WARN_UNDECLARED_SELECTOR = YES;
				GCC_WARN_UNINITIALIZED_AUTOS = YES_AGGRESSIVE;
				GCC_WARN_UNUSED_FUNCTION = YES;
				GCC_WARN_UNUSED_VARIABLE = YES;
				IPHONEOS_DEPLOYMENT_TARGET = 26.2;
				LOCALIZATION_PREFERS_STRING_CATALOGS = YES;
				MTL_ENABLE_DEBUG_INFO = NO;
				MTL_FAST_MATH = YES;
				SDKROOT = iphoneos;
				SWIFT_COMPILATION_MODE = wholemodule;
				VALIDATE_PRODUCT = YES;
			};
			name = Release;
		};
		71ADE2602FA87741002AF431 /* Debug */ = {
			isa = XCBuildConfiguration;
			buildSettings = {
				ASSETCATALOG_COMPILER_APPICON_NAME = AppIcon;
				ASSETCATALOG_COMPILER_GLOBAL_ACCENT_COLOR_NAME = AccentColor;
				CODE_SIGN_STYLE = Automatic;
				CURRENT_PROJECT_VERSION = 1;
				DEVELOPMENT_TEAM = 8Q4H7X3Q58;
				ENABLE_PREVIEWS = YES;
				GENERATE_INFOPLIST_FILE = YES;
				INFOPLIST_KEY_UIApplicationSceneManifest_Generation = YES;
				INFOPLIST_KEY_UIApplicationSupportsIndirectInputEvents = YES;
				INFOPLIST_KEY_UILaunchScreen_Generation = YES;
				INFOPLIST_KEY_UISupportedInterfaceOrientations_iPad = "UIInterfaceOrientationPortrait UIInterfaceOrientationPortraitUpsideDown UIInterfaceOrientationLandscapeLeft UIInterfaceOrientationLandscapeRight";
				INFOPLIST_KEY_UISupportedInterfaceOrientations_iPhone = "UIInterfaceOrientationPortrait UIInterfaceOrientationLandscapeLeft UIInterfaceOrientationLandscapeRight";
				LD_RUNPATH_SEARCH_PATHS = (
					"$(inherited)",
					"@executable_path/Frameworks",
				);
				MARKETING_VERSION = 1.0;
				PRODUCT_BUNDLE_IDENTIFIER = th1ngjin.MatchaMap;
				PRODUCT_NAME = "$(TARGET_NAME)";
				STRING_CATALOG_GENERATE_SYMBOLS = YES;
				SWIFT_APPROACHABLE_CONCURRENCY = YES;
				SWIFT_DEFAULT_ACTOR_ISOLATION = MainActor;
				SWIFT_EMIT_LOC_STRINGS = YES;
				SWIFT_UPCOMING_FEATURE_MEMBER_IMPORT_VISIBILITY = YES;
				SWIFT_VERSION = 5.0;
				TARGETED_DEVICE_FAMILY = "1,2";
				INFOPLIST_KEY_NSLocationWhenInUseUsageDescription = "주변 말차 카페를 지도에 표시하고 길찾기를 제공하기 위해 사용됩니다.";
				INFOPLIST_KEY_NSPhotoLibraryUsageDescription = "리뷰와 도감에 첨부할 사진을 선택하기 위해 사용됩니다.";
				INFOPLIST_KEY_NSPhotoLibraryAddUsageDescription = "저장하신 매장 사진을 사진 보관함에 보관하기 위해 사용됩니다.";
				INFOPLIST_KEY_NSCameraUsageDescription = "리뷰와 도감에 추가할 매장 사진을 촬영하기 위해 사용됩니다.";
				INFOPLIST_KEY_NSUserTrackingUsageDescription = "나에게 더 잘 맞는 광고를 보여드리기 위해 사용됩니다. 거부하셔도 앱은 정상 동작합니다.";
				INFOPLIST_KEY_GADApplicationIdentifier = "ca-app-pub-3940256099942544~1458002511";
			};
			name = Debug;
		};
		71ADE2612FA87741002AF431 /* Release */ = {
			isa = XCBuildConfiguration;
			buildSettings = {
				ASSETCATALOG_COMPILER_APPICON_NAME = AppIcon;
				ASSETCATALOG_COMPILER_GLOBAL_ACCENT_COLOR_NAME = AccentColor;
				CODE_SIGN_STYLE = Automatic;
				CURRENT_PROJECT_VERSION = 1;
				DEVELOPMENT_TEAM = 8Q4H7X3Q58;
				ENABLE_PREVIEWS = YES;
				GENERATE_INFOPLIST_FILE = YES;
				INFOPLIST_KEY_UIApplicationSceneManifest_Generation = YES;
				INFOPLIST_KEY_UIApplicationSupportsIndirectInputEvents = YES;
				INFOPLIST_KEY_UILaunchScreen_Generation = YES;
				INFOPLIST_KEY_UISupportedInterfaceOrientations_iPad = "UIInterfaceOrientationPortrait UIInterfaceOrientationPortraitUpsideDown UIInterfaceOrientationLandscapeLeft UIInterfaceOrientationLandscapeRight";
				INFOPLIST_KEY_UISupportedInterfaceOrientations_iPhone = "UIInterfaceOrientationPortrait UIInterfaceOrientationLandscapeLeft UIInterfaceOrientationLandscapeRight";
				LD_RUNPATH_SEARCH_PATHS = (
					"$(inherited)",
					"@executable_path/Frameworks",
				);
				MARKETING_VERSION = 1.0;
				PRODUCT_BUNDLE_IDENTIFIER = th1ngjin.MatchaMap;
				PRODUCT_NAME = "$(TARGET_NAME)";
				STRING_CATALOG_GENERATE_SYMBOLS = YES;
				SWIFT_APPROACHABLE_CONCURRENCY = YES;
				SWIFT_DEFAULT_ACTOR_ISOLATION = MainActor;
				SWIFT_EMIT_LOC_STRINGS = YES;
				SWIFT_UPCOMING_FEATURE_MEMBER_IMPORT_VISIBILITY = YES;
				SWIFT_VERSION = 5.0;
				TARGETED_DEVICE_FAMILY = "1,2";
				INFOPLIST_KEY_NSLocationWhenInUseUsageDescription = "주변 말차 카페를 지도에 표시하고 길찾기를 제공하기 위해 사용됩니다.";
				INFOPLIST_KEY_NSPhotoLibraryUsageDescription = "리뷰와 도감에 첨부할 사진을 선택하기 위해 사용됩니다.";
				INFOPLIST_KEY_NSPhotoLibraryAddUsageDescription = "저장하신 매장 사진을 사진 보관함에 보관하기 위해 사용됩니다.";
				INFOPLIST_KEY_NSCameraUsageDescription = "리뷰와 도감에 추가할 매장 사진을 촬영하기 위해 사용됩니다.";
				INFOPLIST_KEY_NSUserTrackingUsageDescription = "나에게 더 잘 맞는 광고를 보여드리기 위해 사용됩니다. 거부하셔도 앱은 정상 동작합니다.";
				INFOPLIST_KEY_GADApplicationIdentifier = "ca-app-pub-3940256099942544~1458002511";
			};
			name = Release;
		};
/* End XCBuildConfiguration section */

/* Begin XCConfigurationList section */
		71ADE24F2FA8773F002AF431 /* Build configuration list for PBXProject "MatchaMap" */ = {
			isa = XCConfigurationList;
			buildConfigurations = (
				71ADE25D2FA87741002AF431 /* Debug */,
				71ADE25E2FA87741002AF431 /* Release */,
			);
			defaultConfigurationIsVisible = 0;
			defaultConfigurationName = Release;
		};
		71ADE25F2FA87741002AF431 /* Build configuration list for PBXNativeTarget "MatchaMap" */ = {
			isa = XCConfigurationList;
			buildConfigurations = (
				71ADE2602FA87741002AF431 /* Debug */,
				71ADE2612FA87741002AF431 /* Release */,
			);
			defaultConfigurationIsVisible = 0;
			defaultConfigurationName = Release;
		};
/* End XCConfigurationList section */

/* Begin XCLocalSwiftPackageReference section */
		71ADE2AA012FA87741002AF431 /* XCLocalSwiftPackageReference "LocalPackages/Core" */ = {
			isa = XCLocalSwiftPackageReference;
			relativePath = LocalPackages/Core;
		};
		71ADE2AA022FA87741002AF431 /* XCLocalSwiftPackageReference "LocalPackages/DesignSystem" */ = {
			isa = XCLocalSwiftPackageReference;
			relativePath = LocalPackages/DesignSystem;
		};
		71ADE2AA032FA87741002AF431 /* XCLocalSwiftPackageReference "LocalPackages/Domain" */ = {
			isa = XCLocalSwiftPackageReference;
			relativePath = LocalPackages/Domain;
		};
		71ADE2AA042FA87741002AF431 /* XCLocalSwiftPackageReference "LocalPackages/Data" */ = {
			isa = XCLocalSwiftPackageReference;
			relativePath = LocalPackages/Data;
		};
		71ADE2AA052FA87741002AF431 /* XCLocalSwiftPackageReference "LocalPackages/Feature/FeatureMap" */ = {
			isa = XCLocalSwiftPackageReference;
			relativePath = LocalPackages/Feature/FeatureMap;
		};
		71ADE2AA062FA87741002AF431 /* XCLocalSwiftPackageReference "LocalPackages/Feature/FeatureAuth" */ = {
			isa = XCLocalSwiftPackageReference;
			relativePath = LocalPackages/Feature/FeatureAuth;
		};
		71ADE2AA072FA87741002AF431 /* XCLocalSwiftPackageReference "LocalPackages/Feature/FeatureStore" */ = {
			isa = XCLocalSwiftPackageReference;
			relativePath = LocalPackages/Feature/FeatureStore;
		};
		71ADE2AA082FA87741002AF431 /* XCLocalSwiftPackageReference "LocalPackages/Feature/FeatureSocial" */ = {
			isa = XCLocalSwiftPackageReference;
			relativePath = LocalPackages/Feature/FeatureSocial;
		};
		71ADE2AA092FA87741002AF431 /* XCLocalSwiftPackageReference "LocalPackages/Feature/FeatureCollection" */ = {
			isa = XCLocalSwiftPackageReference;
			relativePath = LocalPackages/Feature/FeatureCollection;
		};
		71ADE2AA102FA87741002AF431 /* XCLocalSwiftPackageReference "LocalPackages/Feature/FeatureMonetize" */ = {
			isa = XCLocalSwiftPackageReference;
			relativePath = LocalPackages/Feature/FeatureMonetize;
		};
/* End XCLocalSwiftPackageReference section */

/* Begin XCRemoteSwiftPackageReference section */
		71ADE2F0012FA87741002AF431 /* XCRemoteSwiftPackageReference "firebase-ios-sdk" */ = {
			isa = XCRemoteSwiftPackageReference;
			repositoryURL = "https://github.com/firebase/firebase-ios-sdk";
			requirement = {
				kind = upToNextMajorVersion;
				minimumVersion = 11.0.0;
			};
		};
/* End XCRemoteSwiftPackageReference section */


/* Begin XCSwiftPackageProductDependency section */
		71ADE2AB012FA87741002AF431 /* Core */ = {
			isa = XCSwiftPackageProductDependency;
			productName = Core;
		};
		71ADE2AB022FA87741002AF431 /* DesignSystem */ = {
			isa = XCSwiftPackageProductDependency;
			productName = DesignSystem;
		};
		71ADE2AB032FA87741002AF431 /* Domain */ = {
			isa = XCSwiftPackageProductDependency;
			productName = Domain;
		};
		71ADE2AB042FA87741002AF431 /* Data */ = {
			isa = XCSwiftPackageProductDependency;
			productName = Data;
		};
		71ADE2AB052FA87741002AF431 /* FeatureMap */ = {
			isa = XCSwiftPackageProductDependency;
			productName = FeatureMap;
		};
		71ADE2AB062FA87741002AF431 /* FeatureAuth */ = {
			isa = XCSwiftPackageProductDependency;
			productName = FeatureAuth;
		};
		71ADE2AB072FA87741002AF431 /* FeatureStore */ = {
			isa = XCSwiftPackageProductDependency;
			productName = FeatureStore;
		};
		71ADE2AB082FA87741002AF431 /* FeatureSocial */ = {
			isa = XCSwiftPackageProductDependency;
			productName = FeatureSocial;
		};
		71ADE2AB092FA87741002AF431 /* FeatureCollection */ = {
			isa = XCSwiftPackageProductDependency;
			productName = FeatureCollection;
		};
		71ADE2AB102FA87741002AF431 /* FeatureMonetize */ = {
			isa = XCSwiftPackageProductDependency;
			productName = FeatureMonetize;
		};
		71ADE2FP012FA87741002AF431 /* FirebaseCore */ = {
			isa = XCSwiftPackageProductDependency;
			package = 71ADE2F0012FA87741002AF431 /* XCRemoteSwiftPackageReference "firebase-ios-sdk" */;
			productName = FirebaseCore;
		};
		71ADE2FP022FA87741002AF431 /* FirebaseAuth */ = {
			isa = XCSwiftPackageProductDependency;
			package = 71ADE2F0012FA87741002AF431 /* XCRemoteSwiftPackageReference "firebase-ios-sdk" */;
			productName = FirebaseAuth;
		};
		71ADE2FP032FA87741002AF431 /* FirebaseFirestore */ = {
			isa = XCSwiftPackageProductDependency;
			package = 71ADE2F0012FA87741002AF431 /* XCRemoteSwiftPackageReference "firebase-ios-sdk" */;
			productName = FirebaseFirestore;
		};
		71ADE2FP042FA87741002AF431 /* FirebaseStorage */ = {
			isa = XCSwiftPackageProductDependency;
			package = 71ADE2F0012FA87741002AF431 /* XCRemoteSwiftPackageReference "firebase-ios-sdk" */;
			productName = FirebaseStorage;
		};
		71ADE2FP052FA87741002AF431 /* FirebaseAppCheck */ = {
			isa = XCSwiftPackageProductDependency;
			package = 71ADE2F0012FA87741002AF431 /* XCRemoteSwiftPackageReference "firebase-ios-sdk" */;
			productName = FirebaseAppCheck;
		};
		71ADE2FP062FA87741002AF431 /* FirebaseMessaging */ = {
			isa = XCSwiftPackageProductDependency;
			package = 71ADE2F0012FA87741002AF431 /* XCRemoteSwiftPackageReference "firebase-ios-sdk" */;
			productName = FirebaseMessaging;
		};
		71ADE2FP072FA87741002AF431 /* FirebaseAnalytics */ = {
			isa = XCSwiftPackageProductDependency;
			package = 71ADE2F0012FA87741002AF431 /* XCRemoteSwiftPackageReference "firebase-ios-sdk" */;
			productName = FirebaseAnalytics;
		};
		71ADE2FP082FA87741002AF431 /* FirebaseCrashlytics */ = {
			isa = XCSwiftPackageProductDependency;
			package = 71ADE2F0012FA87741002AF431 /* XCRemoteSwiftPackageReference "firebase-ios-sdk" */;
			productName = FirebaseCrashlytics;
		};
/* End XCSwiftPackageProductDependency section */
	};
	rootObject = 71ADE24C2FA8773F002AF431 /* Project object */;
}
